
Microsoft Visual Studio Solution File, Format Version 12.00
# Visual Studio Version 16
VisualStudioVersion = 16.0.31911.196
MinimumVisualStudioVersion = 10.0.40219.1
Project("{FAE04EC0-301F-11D3-BF4B-00C04F79EFBC}") = "WindowsFormsAppTest", "WindowsFormsAppTest\WindowsFormsAppTest.csproj", "{D1B93813-37F8-486B-89AC-3833A8937027}"
EndProject
Global
	GlobalSection(SolutionConfigurationPlatforms) = preSolution
		Debug|Any CPU = Debug|Any CPU
		Release|Any CPU = Release|Any CPU
	EndGlobalSection
	GlobalSection(ProjectConfigurationPlatforms) = postSolution
		{D1B93813-37F8-486B-89AC-3833A8937027}.Debug|Any CPU.ActiveCfg = Debug|Any CPU
		{D1B93813-37F8-486B-89AC-3833A8937027}.Debug|Any CPU.Build.0 = Debug|Any CPU
		{D1B93813-37F8-486B-89AC-3833A8937027}.Release|Any CPU.ActiveCfg = Release|Any CPU
		{D1B93813-37F8-486B-89AC-3833A8937027}.Release|Any CPU.Build.0 = Release|Any CPU
	EndGlobalSection
	GlobalSection(SolutionProperties) = preSolution
		HideSolutionNode = FALSE
	EndGlobalSection
	GlobalSection(ExtensibilityGlobals) = postSolution
		SolutionGuid = {E1173E5B-E5A2-4471-831C-9F9A6DF68653}
	EndGlobalSection
EndGlobal
